
Microsoft Visual Studio Solution File, Format Version 12.00
# Visual Studio Version 17
VisualStudioVersion = 17.6.33723.286
MinimumVisualStudioVersion = 10.0.40219.1
Project("{FAE04EC0-301F-11D3-BF4B-00C04F79EFBC}") = "marvel-API-project", "marvel-API-project\marvel-API-project.csproj", "{35F1960D-C8CB-496C-99D1-F84F233E9C75}"
EndProject
Global
	GlobalSection(SolutionConfigurationPlatforms) = preSolution
		Debug|Any CPU = Debug|Any CPU
		Release|Any CPU = Release|Any CPU
	EndGlobalSection
	GlobalSection(ProjectConfigurationPlatforms) = postSolution
		{35F1960D-C8CB-496C-99D1-F84F233E9C75}.Debug|Any CPU.ActiveCfg = Debug|Any CPU
		{35F1960D-C8CB-496C-99D1-F84F233E9C75}.Debug|Any CPU.Build.0 = Debug|Any CPU
		{35F1960D-C8CB-496C-99D1-F84F233E9C75}.Release|Any CPU.ActiveCfg = Release|Any CPU
		{35F1960D-C8CB-496C-99D1-F84F233E9C75}.Release|Any CPU.Build.0 = Release|Any CPU
	EndGlobalSection
	GlobalSection(SolutionProperties) = preSolution
		HideSolutionNode = FALSE
	EndGlobalSection
	GlobalSection(ExtensibilityGlobals) = postSolution
		SolutionGuid = {0C3394F9-CFC0-44CF-9B29-A2A1D4EE612D}
	EndGlobalSection
EndGlobal
